// !$*UTF8*$!
{
	archiveVersion = 1;
	classes = {
	};
	objectVersion = 46;
	objects = {

/* Begin PBXBuildFile section */
		3A583B29162C0BA600B26A36 /* UIKit.framework in Frameworks */ = {isa = PBXBuildFile; fileRef = 3A583B28162C0BA600B26A36 /* UIKit.framework */; };
		3A583B2B162C0BA600B26A36 /* Foundation.framework in Frameworks */ = {isa = PBXBuildFile; fileRef = 3A583B2A162C0BA600B26A36 /* Foundation.framework */; };
		3A583B2D162C0BA600B26A36 /* CoreGraphics.framework in Frameworks */ = {isa = PBXBuildFile; fileRef = 3A583B2C162C0BA600B26A36 /* CoreGraphics.framework */; };
		3A583B33162C0BA600B26A36 /* InfoPlist.strings in Resources */ = {isa = PBXBuildFile; fileRef = 3A583B31162C0BA600B26A36 /* InfoPlist.strings */; };
		3A583B35162C0BA600B26A36 /* main.m in Sources */ = {isa = PBXBuildFile; fileRef = 3A583B34162C0BA600B26A36 /* main.m */; };
		3A583B39162C0BA600B26A36 /* HWAppDelegate.m in Sources */ = {isa = PBXBuildFile; fileRef = 3A583B38162C0BA600B26A36 /* HWAppDelegate.m */; };
		3A583B3B162C0BA600B26A36 /* Default.png in Resources */ = {isa = PBXBuildFile; fileRef = 3A583B3A162C0BA600B26A36 /* Default.png */; };
		3A583B3D162C0BA600B26A36 /* Default@2x.png in Resources */ = {isa = PBXBuildFile; fileRef = 3A583B3C162C0BA600B26A36 /* Default@2x.png */; };
		3A583B3F162C0BA600B26A36 /* Default-568h@2x.png in Resources */ = {isa = PBXBuildFile; fileRef = 3A583B3E162C0BA600B26A36 /* Default-568h@2x.png */; };
		3A583B42162C0BA600B26A36 /* HWViewController.m in Sources */ = {isa = PBXBuildFile; fileRef = 3A583B41162C0BA600B26A36 /* HWViewController.m */; };
		3A583B45162C0BA600B26A36 /* HWViewController.xib in Resources */ = {isa = PBXBuildFile; fileRef = 3A583B43162C0BA600B26A36 /* HWViewController.xib */; };
/* End PBXBuildFile section */

/* Begin PBXFileReference section */
		3A583B24162C0BA600B26A36 /* HelloWorldTest.app */ = {isa = PBXFileReference; explicitFileType = wrapper.application; includeInIndex = 0; path = HelloWorldTest.app; sourceTree = BUILT_PRODUCTS_DIR; };
		3A583B28162C0BA600B26A36 /* UIKit.framework */ = {isa = PBXFileReference; lastKnownFileType = wrapper.framework; name = UIKit.framework; path = System/Library/Frameworks/UIKit.framework; sourceTree = SDKROOT; };
		3A583B2A162C0BA600B26A36 /* Foundation.framework */ = {isa = PBXFileReference; lastKnownFileType = wrapper.framework; name = Foundation.framework; path = System/Library/Frameworks/Foundation.framework; sourceTree = SDKROOT; };
		3A583B2C162C0BA600B26A36 /* CoreGraphics.framework */ = {isa = PBXFileReference; lastKnownFileType = wrapper.framework; name = CoreGraphics.framework; path = System/Library/Frameworks/CoreGraphics.framework; sourceTree = SDKROOT; };
		3A583B30162C0BA600B26A36 /* HelloWorldTest-Info.plist */ = {isa = PBXFileReference; lastKnownFileType = text.plist.xml; path = "HelloWorldTest-Info.plist"; sourceTree = "<group>"; };
		3A583B32162C0BA600B26A36 /* en */ = {isa = PBXFileReference; lastKnownFileType = text.plist.strings; name = en; path = en.lproj/InfoPlist.strings; sourceTree = "<group>"; };
		3A583B34162C0BA600B26A36 /* main.m */ = {isa = PBXFileReference; lastKnownFileType = sourcecode.c.objc; path = main.m; sourceTree = "<group>"; };
		3A583B36162C0BA600B26A36 /* HelloWorldTest-Prefix.pch */ = {isa = PBXFileReference; lastKnownFileType = sourcecode.c.h; path = "HelloWorldTest-Prefix.pch"; sourceTree = "<group>"; };
		3A583B37162C0BA600B26A36 /* HWAppDelegate.h */ = {isa = PBXFileReference; lastKnownFileType = sourcecode.c.h; path = HWAppDelegate.h; sourceTree = "<group>"; };
		3A583B38162C0BA600B26A36 /* HWAppDelegate.m */ = {isa = PBXFileReference; lastKnownFileType = sourcecode.c.objc; path = HWAppDelegate.m; sourceTree = "<group>"; };
		3A583B3A162C0BA600B26A36 /* Default.png */ = {isa = PBXFileReference; lastKnownFileType = image.png; path = Default.png; sourceTree = "<group>"; };
		3A583B3C162C0BA600B26A36 /* Default@2x.png */ = {isa = PBXFileReference; lastKnownFileType = image.png; path = "Default@2x.png"; sourceTree = "<group>"; };
		3A583B3E162C0BA600B26A36 /* Default-568h@2x.png */ = {isa = PBXFileReference; lastKnownFileType = image.png; path = "Default-568h@2x.png"; sourceTree = "<group>"; };
		3A583B40162C0BA600B26A36 /* HWViewController.h */ = {isa = PBXFileReference; lastKnownFileType = sourcecode.c.h; path = HWViewController.h; sourceTree = "<group>"; };
		3A583B41162C0BA600B26A36 /* HWViewController.m */ = {isa = PBXFileReference; lastKnownFileType = sourcecode.c.objc; path = HWViewController.m; sourceTree = "<group>"; };
		3A583B44162C0BA600B26A36 /* en */ = {isa = PBXFileReference; lastKnownFileType = file.xib; name = en; path = en.lproj/HWViewController.xib; sourceTree = "<group>"; };
/* End PBXFileReference section */

/* Begin PBXFrameworksBuildPhase section */
		3A583B21162C0BA600B26A36 /* Frameworks */ = {
			isa = PBXFrameworksBuildPhase;
			buildActionMask = 2147483647;
			files = (
				3A583B29162C0BA600B26A36 /* UIKit.framework in Frameworks */,
				3A583B2B162C0BA600B26A36 /* Foundation.framework in Frameworks */,
				3A583B2D162C0BA600B26A36 /* CoreGraphics.framework in Frameworks */,
			);
			runOnlyForDeploymentPostprocessing = 0;
		};
/* End PBXFrameworksBuildPhase section */

/* Begin PBXGroup section */
		3A583B19162C0BA600B26A36 = {
			isa = PBXGroup;
			children = (
				3A583B2E162C0BA600B26A36 /* HelloWorldTest */,
				3A583B27162C0BA600B26A36 /* Frameworks */,
				3A583B25162C0BA600B26A36 /* Products */,
			);
			sourceTree = "<group>";
		};
		3A583B25162C0BA600B26A36 /* Products */ = {
			isa = PBXGroup;
			children = (
				3A583B24162C0BA600B26A36 /* HelloWorldTest.app */,
			);
			name = Products;
			sourceTree = "<group>";
		};
		3A583B27162C0BA600B26A36 /* Frameworks */ = {
			isa = PBXGroup;
			children = (
				3A583B28162C0BA600B26A36 /* UIKit.framework */,
				3A583B2A162C0BA600B26A36 /* Foundation.framework */,
				3A583B2C162C0BA600B26A36 /* CoreGraphics.framework */,
			);
			name = Frameworks;
			sourceTree = "<group>";
		};
		3A583B2E162C0BA600B26A36 /* HelloWorldTest */ = {
			isa = PBXGroup;
			children = (
				3A583B37162C0BA600B26A36 /* HWAppDelegate.h */,
				3A583B38162C0BA600B26A36 /* HWAppDelegate.m */,
				3A583B40162C0BA600B26A36 /* HWViewController.h */,
				3A583B41162C0BA600B26A36 /* HWViewController.m */,
				3A583B43162C0BA600B26A36 /* HWViewController.xib */,
				3A583B2F162C0BA600B26A36 /* Supporting Files */,
			);
			path = HelloWorldTest;
			sourceTree = "<group>";
		};
		3A583B2F162C0BA600B26A36 /* Supporting Files */ = {
			isa = PBXGroup;
			children = (
				3A583B30162C0BA600B26A36 /* HelloWorldTest-Info.plist */,
				3A583B31162C0BA600B26A36 /* InfoPlist.strings */,
				3A583B34162C0BA600B26A36 /* main.m */,
				3A583B36162C0BA600B26A36 /* HelloWorldTest-Prefix.pch */,
				3A583B3A162C0BA600B26A36 /* Default.png */,
				3A583B3C162C0BA600B26A36 /* Default@2x.png */,
				3A583B3E162C0BA600B26A36 /* Default-568h@2x.png */,
			);
			name = "Supporting Files";
			sourceTree = "<group>";
		};
/* End PBXGroup section */

/* Begin PBXNativeTarget section */
		3A583B23162C0BA600B26A36 /* HelloWorldTest */ = {
			isa = PBXNativeTarget;
			buildConfigurationList = 3A583B48162C0BA600B26A36 /* Build configuration list for PBXNativeTarget "HelloWorldTest" */;
			buildPhases = (
				3A583B20162C0BA600B26A36 /* Sources */,
				3A583B21162C0BA600B26A36 /* Frameworks */,
				3A583B22162C0BA600B26A36 /* Resources */,
			);
			buildRules = (
			);
			dependencies = (
			);
			name = HelloWorldTest;
			productName = HelloWorldTest;
			productReference = 3A583B24162C0BA600B26A36 /* HelloWorldTest.app */;
			productType = "com.apple.product-type.application";
		};
/* End PBXNativeTarget section */

/* Begin PBXProject section */
		3A583B1B162C0BA600B26A36 /* Project object */ = {
			isa = PBXProject;
			attributes = {
				CLASSPREFIX = HW;
				LastUpgradeCheck = 0450;
				ORGANIZATIONNAME = "Jiyeon Seo";
			};
			buildConfigurationList = 3A583B1E162C0BA600B26A36 /* Build configuration list for PBXProject "HelloWorldTest" */;
			compatibilityVersion = "Xcode 3.2";
			developmentRegion = English;
			hasScannedForEncodings = 0;
			knownRegions = (
				en,
			);
			mainGroup = 3A583B19162C0BA600B26A36;
			productRefGroup = 3A583B25162C0BA600B26A36 /* Products */;
			projectDirPath = "";
			projectRoot = "";
			targets = (
				3A583B23162C0BA600B26A36 /* HelloWorldTest */,
			);
		};
/* End PBXProject section */

/* Begin PBXResourcesBuildPhase section */
		3A583B22162C0BA600B26A36 /* Resources */ = {
			isa = PBXResourcesBuildPhase;
			buildActionMask = 2147483647;
			files = (
				3A583B33162C0BA600B26A36 /* InfoPlist.strings in Resources */,
				3A583B3B162C0BA600B26A36 /* Default.png in Resources */,
				3A583B3D162C0BA600B26A36 /* Default@2x.png in Resources */,
				3A583B3F162C0BA600B26A36 /* Default-568h@2x.png in Resources */,
				3A583B45162C0BA600B26A36 /* HWViewController.xib in Resources */,
			);
			runOnlyForDeploymentPostprocessing = 0;
		};
/* End PBXResourcesBuildPhase section */

/* Begin PBXSourcesBuildPhase section */
		3A583B20162C0BA600B26A36 /* Sources */ = {
			isa = PBXSourcesBuildPhase;
			buildActionMask = 2147483647;
			files = (
				3A583B35162C0BA600B26A36 /* main.m in Sources */,
				3A583B39162C0BA600B26A36 /* HWAppDelegate.m in Sources */,
				3A583B42162C0BA600B26A36 /* HWViewController.m in Sources */,
			);
			runOnlyForDeploymentPostprocessing = 0;
		};
/* End PBXSourcesBuildPhase section */

/* Begin PBXVariantGroup section */
		3A583B31162C0BA600B26A36 /* InfoPlist.strings */ = {
			isa = PBXVariantGroup;
			children = (
				3A583B32162C0BA600B26A36 /* en */,
			);
			name = InfoPlist.strings;
			sourceTree = "<group>";
		};
		3A583B43162C0BA600B26A36 /* HWViewController.xib */ = {
			isa = PBXVariantGroup;
			children = (
				3A583B44162C0BA600B26A36 /* en */,
			);
			name = HWViewController.xib;
			sourceTree = "<group>";
		};
/* End PBXVariantGroup section */

/* Begin XCBuildConfiguration section */
		3A583B46162C0BA600B26A36 /* Debug */ = {
			isa = XCBuildConfiguration;
			buildSettings = {
				ALWAYS_SEARCH_USER_PATHS = NO;
				CLANG_CXX_LANGUAGE_STANDARD = "gnu++0x";
				CLANG_CXX_LIBRARY = "libc++";
				CLANG_ENABLE_OBJC_ARC = YES;
				CLANG_WARN_EMPTY_BODY = YES;
				CLANG_WARN__DUPLICATE_METHOD_MATCH = YES;
				"CODE_SIGN_IDENTITY[sdk=iphoneos*]" = "iPhone Developer";
				COPY_PHASE_STRIP = NO;
				GCC_C_LANGUAGE_STANDARD = gnu99;
				GCC_DYNAMIC_NO_PIC = NO;
				GCC_OPTIMIZATION_LEVEL = 0;
				GCC_PREPROCESSOR_DEFINITIONS = (
					"DEBUG=1",
					"$(inherited)",
				);
				GCC_SYMBOLS_PRIVATE_EXTERN = NO;
				GCC_WARN_ABOUT_RETURN_TYPE = YES;
				GCC_WARN_UNINITIALIZED_AUTOS = YES;
				GCC_WARN_UNUSED_VARIABLE = YES;
				IPHONEOS_DEPLOYMENT_TARGET = 6.0;
				SDKROOT = iphoneos;
			};
			name = Debug;
		};
		3A583B47162C0BA600B26A36 /* Release */ = {
			isa = XCBuildConfiguration;
			buildSettings = {
				ALWAYS_SEARCH_USER_PATHS = NO;
				CLANG_CXX_LANGUAGE_STANDARD = "gnu++0x";
				CLANG_CXX_LIBRARY = "libc++";
				CLANG_ENABLE_OBJC_ARC = YES;
				CLANG_WARN_EMPTY_BODY = YES;
				CLANG_WARN__DUPLICATE_METHOD_MATCH = YES;
				"CODE_SIGN_IDENTITY[sdk=iphoneos*]" = "iPhone Developer";
				COPY_PHASE_STRIP = YES;
				GCC_C_LANGUAGE_STANDARD = gnu99;
				GCC_WARN_ABOUT_RETURN_TYPE = YES;
				GCC_WARN_UNINITIALIZED_AUTOS = YES;
				GCC_WARN_UNUSED_VARIABLE = YES;
				IPHONEOS_DEPLOYMENT_TARGET = 6.0;
				OTHER_CFLAGS = "-DNS_BLOCK_ASSERTIONS=1";
				SDKROOT = iphoneos;
				VALIDATE_PRODUCT = YES;
			};
			name = Release;
		};
		3A583B49162C0BA600B26A36 /* Debug */ = {
			isa = XCBuildConfiguration;
			buildSettings = {
				GCC_PRECOMPILE_PREFIX_HEADER = YES;
				GCC_PREFIX_HEADER = "HelloWorldTest/HelloWorldTest-Prefix.pch";
				INFOPLIST_FILE = "HelloWorldTest/HelloWorldTest-Info.plist";
				IPHONEOS_DEPLOYMENT_TARGET = 5.0;
				PRODUCT_NAME = "$(TARGET_NAME)";
				WRAPPER_EXTENSION = app;
			};
			name = Debug;
		};
		3A583B4A162C0BA600B26A36 /* Release */ = {
			isa = XCBuildConfiguration;
			buildSettings = {
				GCC_PRECOMPILE_PREFIX_HEADER = YES;
				GCC_PREFIX_HEADER = "HelloWorldTest/HelloWorldTest-Prefix.pch";
				INFOPLIST_FILE = "HelloWorldTest/HelloWorldTest-Info.plist";
				IPHONEOS_DEPLOYMENT_TARGET = 5.0;
				PRODUCT_NAME = "$(TARGET_NAME)";
				WRAPPER_EXTENSION = app;
			};
			name = Release;
		};
/* End XCBuildConfiguration section */

/* Begin XCConfigurationList section */
		3A583B1E162C0BA600B26A36 /* Build configuration list for PBXProject "HelloWorldTest" */ = {
			isa = XCConfigurationList;
			buildConfigurations = (
				3A583B46162C0BA600B26A36 /* Debug */,
				3A583B47162C0BA600B26A36 /* Release */,
			);
			defaultConfigurationIsVisible = 0;
			defaultConfigurationName = Release;
		};
		3A583B48162C0BA600B26A36 /* Build configuration list for PBXNativeTarget "HelloWorldTest" */ = {
			isa = XCConfigurationList;
			buildConfigurations = (
				3A583B49162C0BA600B26A36 /* Debug */,
				3A583B4A162C0BA600B26A36 /* Release */,
			);
			defaultConfigurationIsVisible = 0;
		};
/* End XCConfigurationList section */
	};
	rootObject = 3A583B1B162C0BA600B26A36 /* Project object */;
}
